
Microsoft Visual Studio Solution File, Format Version 12.00
# Visual Studio Version 17
VisualStudioVersion = 17.1.32319.34
MinimumVisualStudioVersion = 10.0.40219.1
Project("{9A19103F-16F7-4668-BE54-9A1E7A4F7556}") = "Base.Application", "Base.Application\Base.Application.csproj", "{27BE50D0-BECE-4158-B2CB-1AC45026072A}"
EndProject
Project("{9A19103F-16F7-4668-BE54-9A1E7A4F7556}") = "Base.Services", "Base.Services\Base.Services.csproj", "{B3E298DB-855F-4624-8A24-229EB0B83778}"
EndProject
Project("{9A19103F-16F7-4668-BE54-9A1E7A4F7556}") = "Base.Core", "Base.Core\Base.Core.csproj", "{3336D880-E6DF-478A-965B-755AC3CE2CFA}"
EndProject
Project("{9A19103F-16F7-4668-BE54-9A1E7A4F7556}") = "Base.Utils", "Base.Utils\Base.Utils.csproj", "{0519EEE6-378A-4E39-B2E2-1680ABB6F653}"
EndProject
Project("{9A19103F-16F7-4668-BE54-9A1E7A4F7556}") = "Base.Business", "Base.Business\Base.Business.csproj", "{ABCCEC68-1139-4A53-A25C-0A2D36C5D4F9}"
EndProject
Project("{9A19103F-16F7-4668-BE54-9A1E7A4F7556}") = "Base.UnitTest", "Base.UnitTest\Base.UnitTest.csproj", "{5F50FB63-3BF6-4229-898F-7D427CA62548}"
EndProject
Project("{FAE04EC0-301F-11D3-BF4B-00C04F79EFBC}") = "BenchmarkService", "BenchmarkService\BenchmarkService.csproj", "{C0344680-C73E-40AA-902C-FBD41D5C781E}"
EndProject
Global
	GlobalSection(SolutionConfigurationPlatforms) = preSolution
		Debug|Any CPU = Debug|Any CPU
		Release|Any CPU = Release|Any CPU
	EndGlobalSection
	GlobalSection(ProjectConfigurationPlatforms) = postSolution
		{27BE50D0-BECE-4158-B2CB-1AC45026072A}.Debug|Any CPU.ActiveCfg = Debug|Any CPU
		{27BE50D0-BECE-4158-B2CB-1AC45026072A}.Debug|Any CPU.Build.0 = Debug|Any CPU
		{27BE50D0-BECE-4158-B2CB-1AC45026072A}.Release|Any CPU.ActiveCfg = Release|Any CPU
		{27BE50D0-BECE-4158-B2CB-1AC45026072A}.Release|Any CPU.Build.0 = Release|Any CPU
		{B3E298DB-855F-4624-8A24-229EB0B83778}.Debug|Any CPU.ActiveCfg = Debug|Any CPU
		{B3E298DB-855F-4624-8A24-229EB0B83778}.Debug|Any CPU.Build.0 = Debug|Any CPU
		{B3E298DB-855F-4624-8A24-229EB0B83778}.Release|Any CPU.ActiveCfg = Release|Any CPU
		{B3E298DB-855F-4624-8A24-229EB0B83778}.Release|Any CPU.Build.0 = Release|Any CPU
		{3336D880-E6DF-478A-965B-755AC3CE2CFA}.Debug|Any CPU.ActiveCfg = Debug|Any CPU
		{3336D880-E6DF-478A-965B-755AC3CE2CFA}.Debug|Any CPU.Build.0 = Debug|Any CPU
		{3336D880-E6DF-478A-965B-755AC3CE2CFA}.Release|Any CPU.ActiveCfg = Release|Any CPU
		{3336D880-E6DF-478A-965B-755AC3CE2CFA}.Release|Any CPU.Build.0 = Release|Any CPU
		{0519EEE6-378A-4E39-B2E2-1680ABB6F653}.Debug|Any CPU.ActiveCfg = Debug|Any CPU
		{0519EEE6-378A-4E39-B2E2-1680ABB6F653}.Debug|Any CPU.Build.0 = Debug|Any CPU
		{0519EEE6-378A-4E39-B2E2-1680ABB6F653}.Release|Any CPU.ActiveCfg = Release|Any CPU
		{0519EEE6-378A-4E39-B2E2-1680ABB6F653}.Release|Any CPU.Build.0 = Release|Any CPU
		{ABCCEC68-1139-4A53-A25C-0A2D36C5D4F9}.Debug|Any CPU.ActiveCfg = Debug|Any CPU
		{ABCCEC68-1139-4A53-A25C-0A2D36C5D4F9}.Debug|Any CPU.Build.0 = Debug|Any CPU
		{ABCCEC68-1139-4A53-A25C-0A2D36C5D4F9}.Release|Any CPU.ActiveCfg = Release|Any CPU
		{ABCCEC68-1139-4A53-A25C-0A2D36C5D4F9}.Release|Any CPU.Build.0 = Release|Any CPU
		{5F50FB63-3BF6-4229-898F-7D427CA62548}.Debug|Any CPU.ActiveCfg = Debug|Any CPU
		{5F50FB63-3BF6-4229-898F-7D427CA62548}.Debug|Any CPU.Build.0 = Debug|Any CPU
		{5F50FB63-3BF6-4229-898F-7D427CA62548}.Release|Any CPU.ActiveCfg = Release|Any CPU
		{5F50FB63-3BF6-4229-898F-7D427CA62548}.Release|Any CPU.Build.0 = Release|Any CPU
		{C0344680-C73E-40AA-902C-FBD41D5C781E}.Debug|Any CPU.ActiveCfg = Debug|Any CPU
		{C0344680-C73E-40AA-902C-FBD41D5C781E}.Debug|Any CPU.Build.0 = Debug|Any CPU
		{C0344680-C73E-40AA-902C-FBD41D5C781E}.Release|Any CPU.ActiveCfg = Release|Any CPU
		{C0344680-C73E-40AA-902C-FBD41D5C781E}.Release|Any CPU.Build.0 = Release|Any CPU
	EndGlobalSection
	GlobalSection(SolutionProperties) = preSolution
		HideSolutionNode = FALSE
	EndGlobalSection
	GlobalSection(ExtensibilityGlobals) = postSolution
		SolutionGuid = {0EF06773-1D16-45D8-9953-8202F7C44261}
	EndGlobalSection
EndGlobal
