
Microsoft Visual Studio Solution File, Format Version 12.00
# Visual Studio Version 17
VisualStudioVersion = 17.1.32319.34
MinimumVisualStudioVersion = 10.0.40219.1
Project("{FAE04EC0-301F-11D3-BF4B-00C04F79EFBC}") = "base-netcore", "base-netcore\base-netcore.csproj", "{DCF70CDD-0334-4D0E-9B92-116818661A90}"
EndProject
Global
	GlobalSection(SolutionConfigurationPlatforms) = preSolution
		Debug|Any CPU = Debug|Any CPU
		Release|Any CPU = Release|Any CPU
	EndGlobalSection
	GlobalSection(ProjectConfigurationPlatforms) = postSolution
		{DCF70CDD-0334-4D0E-9B92-116818661A90}.Debug|Any CPU.ActiveCfg = Debug|Any CPU
		{DCF70CDD-0334-4D0E-9B92-116818661A90}.Debug|Any CPU.Build.0 = Debug|Any CPU
		{DCF70CDD-0334-4D0E-9B92-116818661A90}.Release|Any CPU.ActiveCfg = Release|Any CPU
		{DCF70CDD-0334-4D0E-9B92-116818661A90}.Release|Any CPU.Build.0 = Release|Any CPU
	EndGlobalSection
	GlobalSection(SolutionProperties) = preSolution
		HideSolutionNode = FALSE
	EndGlobalSection
	GlobalSection(ExtensibilityGlobals) = postSolution
		SolutionGuid = {FDF7AAE1-A4F9-4E55-BB28-36E877894539}
	EndGlobalSection
EndGlobal
